PODS:
  - AFNetworking (3.1.0):
    - AFNetworking/NSURLSession (= 3.1.0)
    - AFNetworking/Reachability (= 3.1.0)
    - AFNetworking/Security (= 3.1.0)
    - AFNetworking/Serialization (= 3.1.0)
    - AFNetworking/UIKit (= 3.1.0)
  - AFNetworking/NSURLSession (3.1.0):
    - AFNetworking/Reachability
    - AFNetworking/Security
    - AFNetworking/Serialization
  - AFNetworking/Reachability (3.1.0)
  - AFNetworking/Security (3.1.0)
  - AFNetworking/Serialization (3.1.0)
  - AFNetworking/UIKit (3.1.0):
    - AFNetworking/NSURLSession
  - GDCategory (0.1.0)
  - TLRemoteConfig (0.1.2):
    - AFNetworking (~> 3)
    - GDCategory

DEPENDENCIES:
  - TLRemoteConfig (from `../`)

EXTERNAL SOURCES:
  TLRemoteConfig:
    :path: "../"

SPEC CHECKSUMS:
  AFNetworking: 5e0e199f73d8626b11e79750991f5d173d1f8b67
  GDCategory: 809238a9cd50a685651545a698d171deb7bc98ec
  TLRemoteConfig: bddb7ef5350b4d47cda155821ad42e0bac7497bf

PODFILE CHECKSUM: 882fb08493e9378721f9fa160f9eb7a7301b4728

COCOAPODS: 1.2.0
